// !$*UTF8*$!
{
	archiveVersion = 1;
	classes = {
	};
	objectVersion = 55;
	objects = {

/* Begin PBXBuildFile section */
		1A1764C1284D509D00ED49DC /* AppDelegate.swift in Sources */ = {isa = PBXBuildFile; fileRef = 1A1764C0284D509D00ED49DC /* AppDelegate.swift */; };
		1A1764C3284D509E00ED49DC /* Assets.xcassets in Resources */ = {isa = PBXBuildFile; fileRef = 1A1764C2284D509E00ED49DC /* Assets.xcassets */; };
		1A1764C6284D509E00ED49DC /* MainMenu.xib in Resources */ = {isa = PBXBuildFile; fileRef = 1A1764C4284D509E00ED49DC /* MainMenu.xib */; };
		1A1764CF284D50C600ED49DC /* FilesDB.swift in Sources */ = {isa = PBXBuildFile; fileRef = 1A1764CE284D50C600ED49DC /* FilesDB.swift */; };
		1A1764D1284D50CD00ED49DC /* File.swift in Sources */ = {isa = PBXBuildFile; fileRef = 1A1764D0284D50CD00ED49DC /* File.swift */; };
		1A1764D7284D516600ED49DC /* FileCollectionViewItem.swift in Sources */ = {isa = PBXBuildFile; fileRef = 1A1764D5284D516600ED49DC /* FileCollectionViewItem.swift */; };
		1A1764D8284D516600ED49DC /* FileCollectionViewItem.xib in Resources */ = {isa = PBXBuildFile; fileRef = 1A1764D6284D516600ED49DC /* FileCollectionViewItem.xib */; };
		1A8BAB0F288BFB3800DE4E95 /* NSImageView+Extension.swift in Sources */ = {isa = PBXBuildFile; fileRef = 1A8BAB0E288BFB3800DE4E95 /* NSImageView+Extension.swift */; };
		1AE8715F288A83670002EDCA /* MainWindowController.swift in Sources */ = {isa = PBXBuildFile; fileRef = 1AE8715D288A83660002EDCA /* MainWindowController.swift */; };
		1AE87160288A83670002EDCA /* MainWindowController.xib in Resources */ = {isa = PBXBuildFile; fileRef = 1AE8715E288A83670002EDCA /* MainWindowController.xib */; };
		1AE87167288AA6970002EDCA /* ViewerViewController.swift in Sources */ = {isa = PBXBuildFile; fileRef = 1AE87165288AA6970002EDCA /* ViewerViewController.swift */; };
		1AE87168288AA6970002EDCA /* ViewerViewController.xib in Resources */ = {isa = PBXBuildFile; fileRef = 1AE87166288AA6970002EDCA /* ViewerViewController.xib */; };
/* End PBXBuildFile section */

/* Begin PBXFileReference section */
		1A1764BD284D509D00ED49DC /* MediaCatalog.app */ = {isa = PBXFileReference; explicitFileType = wrapper.application; includeInIndex = 0; path = MediaCatalog.app; sourceTree = BUILT_PRODUCTS_DIR; };
		1A1764C0284D509D00ED49DC /* AppDelegate.swift */ = {isa = PBXFileReference; lastKnownFileType = sourcecode.swift; path = AppDelegate.swift; sourceTree = "<group>"; };
		1A1764C2284D509E00ED49DC /* Assets.xcassets */ = {isa = PBXFileReference; lastKnownFileType = folder.assetcatalog; path = Assets.xcassets; sourceTree = "<group>"; };
		1A1764C5284D509E00ED49DC /* Base */ = {isa = PBXFileReference; lastKnownFileType = file.xib; name = Base; path = Base.lproj/MainMenu.xib; sourceTree = "<group>"; };
		1A1764C7284D509E00ED49DC /* MediaCatalog.entitlements */ = {isa = PBXFileReference; lastKnownFileType = text.plist.entitlements; path = MediaCatalog.entitlements; sourceTree = "<group>"; };
		1A1764CE284D50C600ED49DC /* FilesDB.swift */ = {isa = PBXFileReference; lastKnownFileType = sourcecode.swift; path = FilesDB.swift; sourceTree = "<group>"; };
		1A1764D0284D50CD00ED49DC /* File.swift */ = {isa = PBXFileReference; lastKnownFileType = sourcecode.swift; path = File.swift; sourceTree = "<group>"; };
		1A1764D5284D516600ED49DC /* FileCollectionViewItem.swift */ = {isa = PBXFileReference; lastKnownFileType = sourcecode.swift; path = FileCollectionViewItem.swift; sourceTree = "<group>"; };
		1A1764D6284D516600ED49DC /* FileCollectionViewItem.xib */ = {isa = PBXFileReference; lastKnownFileType = file.xib; path = FileCollectionViewItem.xib; sourceTree = "<group>"; };
		1A1764DA284D64F900ED49DC /* README.md */ = {isa = PBXFileReference; lastKnownFileType = net.daringfireball.markdown; path = README.md; sourceTree = "<group>"; };
		1A8BAB0E288BFB3800DE4E95 /* NSImageView+Extension.swift */ = {isa = PBXFileReference; lastKnownFileType = sourcecode.swift; path = "NSImageView+Extension.swift"; sourceTree = "<group>"; };
		1AE8715D288A83660002EDCA /* MainWindowController.swift */ = {isa = PBXFileReference; lastKnownFileType = sourcecode.swift; path = MainWindowController.swift; sourceTree = "<group>"; };
		1AE8715E288A83670002EDCA /* MainWindowController.xib */ = {isa = PBXFileReference; lastKnownFileType = file.xib; path = MainWindowController.xib; sourceTree = "<group>"; };
		1AE87165288AA6970002EDCA /* ViewerViewController.swift */ = {isa = PBXFileReference; lastKnownFileType = sourcecode.swift; path = ViewerViewController.swift; sourceTree = "<group>"; };
		1AE87166288AA6970002EDCA /* ViewerViewController.xib */ = {isa = PBXFileReference; lastKnownFileType = file.xib; path = ViewerViewController.xib; sourceTree = "<group>"; };
/* End PBXFileReference section */

/* Begin PBXFrameworksBuildPhase section */
		1A1764BA284D509D00ED49DC /* Frameworks */ = {
			isa = PBXFrameworksBuildPhase;
			buildActionMask = 2147483647;
			files = (
			);
			runOnlyForDeploymentPostprocessing = 0;
		};
/* End PBXFrameworksBuildPhase section */

/* Begin PBXGroup section */
		1A1764B4284D509D00ED49DC = {
			isa = PBXGroup;
			children = (
				1A1764DA284D64F900ED49DC /* README.md */,
				1A1764BF284D509D00ED49DC /* MediaCatalog */,
				1A1764BE284D509D00ED49DC /* Products */,
			);
			sourceTree = "<group>";
		};
		1A1764BE284D509D00ED49DC /* Products */ = {
			isa = PBXGroup;
			children = (
				1A1764BD284D509D00ED49DC /* MediaCatalog.app */,
			);
			name = Products;
			sourceTree = "<group>";
		};
		1A1764BF284D509D00ED49DC /* MediaCatalog */ = {
			isa = PBXGroup;
			children = (
				1A8BAB0B288BFA5D00DE4E95 /* Extensions */,
				1A1764CD284D50BA00ED49DC /* Models */,
				1A1764D2284D510700ED49DC /* Views */,
				1A1764D4284D512500ED49DC /* CollectionViewItems */,
				1A1764D3284D510E00ED49DC /* Controllers */,
				1A1764C0284D509D00ED49DC /* AppDelegate.swift */,
				1A1764C2284D509E00ED49DC /* Assets.xcassets */,
				1A1764C7284D509E00ED49DC /* MediaCatalog.entitlements */,
			);
			path = MediaCatalog;
			sourceTree = "<group>";
		};
		1A1764CD284D50BA00ED49DC /* Models */ = {
			isa = PBXGroup;
			children = (
				1A1764CE284D50C600ED49DC /* FilesDB.swift */,
				1A1764D0284D50CD00ED49DC /* File.swift */,
			);
			path = Models;
			sourceTree = "<group>";
		};
		1A1764D2284D510700ED49DC /* Views */ = {
			isa = PBXGroup;
			children = (
				1A1764C4284D509E00ED49DC /* MainMenu.xib */,
				1AE8715E288A83670002EDCA /* MainWindowController.xib */,
				1AE87166288AA6970002EDCA /* ViewerViewController.xib */,
			);
			path = Views;
			sourceTree = "<group>";
		};
		1A1764D3284D510E00ED49DC /* Controllers */ = {
			isa = PBXGroup;
			children = (
				1AE8715D288A83660002EDCA /* MainWindowController.swift */,
				1AE87165288AA6970002EDCA /* ViewerViewController.swift */,
			);
			path = Controllers;
			sourceTree = "<group>";
		};
		1A1764D4284D512500ED49DC /* CollectionViewItems */ = {
			isa = PBXGroup;
			children = (
				1A1764D9284D516A00ED49DC /* File */,
			);
			path = CollectionViewItems;
			sourceTree = "<group>";
		};
		1A1764D9284D516A00ED49DC /* File */ = {
			isa = PBXGroup;
			children = (
				1A1764D5284D516600ED49DC /* FileCollectionViewItem.swift */,
				1A1764D6284D516600ED49DC /* FileCollectionViewItem.xib */,
			);
			path = File;
			sourceTree = "<group>";
		};
		1A8BAB0B288BFA5D00DE4E95 /* Extensions */ = {
			isa = PBXGroup;
			children = (
				1A8BAB0E288BFB3800DE4E95 /* NSImageView+Extension.swift */,
			);
			path = Extensions;
			sourceTree = "<group>";
		};
/* End PBXGroup section */

/* Begin PBXNativeTarget section */
		1A1764BC284D509D00ED49DC /* MediaCatalog */ = {
			isa = PBXNativeTarget;
			buildConfigurationList = 1A1764CA284D509E00ED49DC /* Build configuration list for PBXNativeTarget "MediaCatalog" */;
			buildPhases = (
				1A1764B9284D509D00ED49DC /* Sources */,
				1A1764BA284D509D00ED49DC /* Frameworks */,
				1A1764BB284D509D00ED49DC /* Resources */,
			);
			buildRules = (
			);
			dependencies = (
			);
			name = MediaCatalog;
			productName = MediaCatalog;
			productReference = 1A1764BD284D509D00ED49DC /* MediaCatalog.app */;
			productType = "com.apple.product-type.application";
		};
/* End PBXNativeTarget section */

/* Begin PBXProject section */
		1A1764B5284D509D00ED49DC /* Project object */ = {
			isa = PBXProject;
			attributes = {
				BuildIndependentTargetsInParallel = 1;
				LastSwiftUpdateCheck = 1340;
				LastUpgradeCheck = 1340;
				TargetAttributes = {
					1A1764BC284D509D00ED49DC = {
						CreatedOnToolsVersion = 13.4;
					};
				};
			};
			buildConfigurationList = 1A1764B8284D509D00ED49DC /* Build configuration list for PBXProject "MediaCatalog" */;
			compatibilityVersion = "Xcode 13.0";
			developmentRegion = en;
			hasScannedForEncodings = 0;
			knownRegions = (
				en,
				Base,
			);
			mainGroup = 1A1764B4284D509D00ED49DC;
			productRefGroup = 1A1764BE284D509D00ED49DC /* Products */;
			projectDirPath = "";
			projectRoot = "";
			targets = (
				1A1764BC284D509D00ED49DC /* MediaCatalog */,
			);
		};
/* End PBXProject section */

/* Begin PBXResourcesBuildPhase section */
		1A1764BB284D509D00ED49DC /* Resources */ = {
			isa = PBXResourcesBuildPhase;
			buildActionMask = 2147483647;
			files = (
				1A1764D8284D516600ED49DC /* FileCollectionViewItem.xib in Resources */,
				1A1764C3284D509E00ED49DC /* Assets.xcassets in Resources */,
				1AE87168288AA6970002EDCA /* ViewerViewController.xib in Resources */,
				1AE87160288A83670002EDCA /* MainWindowController.xib in Resources */,
				1A1764C6284D509E00ED49DC /* MainMenu.xib in Resources */,
			);
			runOnlyForDeploymentPostprocessing = 0;
		};
/* End PBXResourcesBuildPhase section */

/* Begin PBXSourcesBuildPhase section */
		1A1764B9284D509D00ED49DC /* Sources */ = {
			isa = PBXSourcesBuildPhase;
			buildActionMask = 2147483647;
			files = (
				1AE87167288AA6970002EDCA /* ViewerViewController.swift in Sources */,
				1A1764C1284D509D00ED49DC /* AppDelegate.swift in Sources */,
				1A8BAB0F288BFB3800DE4E95 /* NSImageView+Extension.swift in Sources */,
				1A1764D7284D516600ED49DC /* FileCollectionViewItem.swift in Sources */,
				1A1764D1284D50CD00ED49DC /* File.swift in Sources */,
				1A1764CF284D50C600ED49DC /* FilesDB.swift in Sources */,
				1AE8715F288A83670002EDCA /* MainWindowController.swift in Sources */,
			);
			runOnlyForDeploymentPostprocessing = 0;
		};
/* End PBXSourcesBuildPhase section */

/* Begin PBXVariantGroup section */
		1A1764C4284D509E00ED49DC /* MainMenu.xib */ = {
			isa = PBXVariantGroup;
			children = (
				1A1764C5284D509E00ED49DC /* Base */,
			);
			name = MainMenu.xib;
			sourceTree = "<group>";
		};
/* End PBXVariantGroup section */

/* Begin XCBuildConfiguration section */
		1A1764C8284D509E00ED49DC /* Debug */ = {
			isa = XCBuildConfiguration;
			buildSettings = {
				ALWAYS_SEARCH_USER_PATHS = NO;
				CLANG_ANALYZER_NONNULL = YES;
				CLANG_ANALYZER_NUMBER_OBJECT_CONVERSION = YES_AGGRESSIVE;
				CLANG_CXX_LANGUAGE_STANDARD = "gnu++17";
				CLANG_ENABLE_MODULES = YES;
				CLANG_ENABLE_OBJC_ARC = YES;
				CLANG_ENABLE_OBJC_WEAK = YES;
				CLANG_WARN_BLOCK_CAPTURE_AUTORELEASING = YES;
				CLANG_WARN_BOOL_CONVERSION = YES;
				CLANG_WARN_COMMA = YES;
				CLANG_WARN_CONSTANT_CONVERSION = YES;
				CLANG_WARN_DEPRECATED_OBJC_IMPLEMENTATIONS = YES;
				CLANG_WARN_DIRECT_OBJC_ISA_USAGE = YES_ERROR;
				CLANG_WARN_DOCUMENTATION_COMMENTS = YES;
				CLANG_WARN_EMPTY_BODY = YES;
				CLANG_WARN_ENUM_CONVERSION = YES;
				CLANG_WARN_INFINITE_RECURSION = YES;
				CLANG_WARN_INT_CONVERSION = YES;
				CLANG_WARN_NON_LITERAL_NULL_CONVERSION = YES;
				CLANG_WARN_OBJC_IMPLICIT_RETAIN_SELF = YES;
				CLANG_WARN_OBJC_LITERAL_CONVERSION = YES;
				CLANG_WARN_OBJC_ROOT_CLASS = YES_ERROR;
				CLANG_WARN_QUOTED_INCLUDE_IN_FRAMEWORK_HEADER = YES;
				CLANG_WARN_RANGE_LOOP_ANALYSIS = YES;
				CLANG_WARN_STRICT_PROTOTYPES = YES;
				CLANG_WARN_SUSPICIOUS_MOVE = YES;
				CLANG_WARN_UNGUARDED_AVAILABILITY = YES_AGGRESSIVE;
				CLANG_WARN_UNREACHABLE_CODE = YES;
				CLANG_WARN__DUPLICATE_METHOD_MATCH = YES;
				COPY_PHASE_STRIP = NO;
				DEBUG_INFORMATION_FORMAT = dwarf;
				ENABLE_STRICT_OBJC_MSGSEND = YES;
				ENABLE_TESTABILITY = YES;
				GCC_C_LANGUAGE_STANDARD = gnu11;
				GCC_DYNAMIC_NO_PIC = NO;
				GCC_NO_COMMON_BLOCKS = YES;
				GCC_OPTIMIZATION_LEVEL = 0;
				GCC_PREPROCESSOR_DEFINITIONS = (
					"DEBUG=1",
					"$(inherited)",
				);
				GCC_WARN_64_TO_32_BIT_CONVERSION = YES;
				GCC_WARN_ABOUT_RETURN_TYPE = YES_ERROR;
				GCC_WARN_UNDECLARED_SELECTOR = YES;
				GCC_WARN_UNINITIALIZED_AUTOS = YES_AGGRESSIVE;
				GCC_WARN_UNUSED_FUNCTION = YES;
				GCC_WARN_UNUSED_VARIABLE = YES;
				MACOSX_DEPLOYMENT_TARGET = 12.3;
				MTL_ENABLE_DEBUG_INFO = INCLUDE_SOURCE;
				MTL_FAST_MATH = YES;
				ONLY_ACTIVE_ARCH = YES;
				SDKROOT = macosx;
				SWIFT_ACTIVE_COMPILATION_CONDITIONS = DEBUG;
				SWIFT_OPTIMIZATION_LEVEL = "-Onone";
			};
			name = Debug;
		};
		1A1764C9284D509E00ED49DC /* Release */ = {
			isa = XCBuildConfiguration;
			buildSettings = {
				ALWAYS_SEARCH_USER_PATHS = NO;
				CLANG_ANALYZER_NONNULL = YES;
				CLANG_ANALYZER_NUMBER_OBJECT_CONVERSION = YES_AGGRESSIVE;
				CLANG_CXX_LANGUAGE_STANDARD = "gnu++17";
				CLANG_ENABLE_MODULES = YES;
				CLANG_ENABLE_OBJC_ARC = YES;
				CLANG_ENABLE_OBJC_WEAK = YES;
				CLANG_WARN_BLOCK_CAPTURE_AUTORELEASING = YES;
				CLANG_WARN_BOOL_CONVERSION = YES;
				CLANG_WARN_COMMA = YES;
				CLANG_WARN_CONSTANT_CONVERSION = YES;
				CLANG_WARN_DEPRECATED_OBJC_IMPLEMENTATIONS = YES;
				CLANG_WARN_DIRECT_OBJC_ISA_USAGE = YES_ERROR;
				CLANG_WARN_DOCUMENTATION_COMMENTS = YES;
				CLANG_WARN_EMPTY_BODY = YES;
				CLANG_WARN_ENUM_CONVERSION = YES;
				CLANG_WARN_INFINITE_RECURSION = YES;
				CLANG_WARN_INT_CONVERSION = YES;
				CLANG_WARN_NON_LITERAL_NULL_CONVERSION = YES;
				CLANG_WARN_OBJC_IMPLICIT_RETAIN_SELF = YES;
				CLANG_WARN_OBJC_LITERAL_CONVERSION = YES;
				CLANG_WARN_OBJC_ROOT_CLASS = YES_ERROR;
				CLANG_WARN_QUOTED_INCLUDE_IN_FRAMEWORK_HEADER = YES;
				CLANG_WARN_RANGE_LOOP_ANALYSIS = YES;
				CLANG_WARN_STRICT_PROTOTYPES = YES;
				CLANG_WARN_SUSPICIOUS_MOVE = YES;
				CLANG_WARN_UNGUARDED_AVAILABILITY = YES_AGGRESSIVE;
				CLANG_WARN_UNREACHABLE_CODE = YES;
				CLANG_WARN__DUPLICATE_METHOD_MATCH = YES;
				COPY_PHASE_STRIP = NO;
				DEBUG_INFORMATION_FORMAT = "dwarf-with-dsym";
				ENABLE_NS_ASSERTIONS = NO;
				ENABLE_STRICT_OBJC_MSGSEND = YES;
				GCC_C_LANGUAGE_STANDARD = gnu11;
				GCC_NO_COMMON_BLOCKS = YES;
				GCC_WARN_64_TO_32_BIT_CONVERSION = YES;
				GCC_WARN_ABOUT_RETURN_TYPE = YES_ERROR;
				GCC_WARN_UNDECLARED_SELECTOR = YES;
				GCC_WARN_UNINITIALIZED_AUTOS = YES_AGGRESSIVE;
				GCC_WARN_UNUSED_FUNCTION = YES;
				GCC_WARN_UNUSED_VARIABLE = YES;
				MACOSX_DEPLOYMENT_TARGET = 12.3;
				MTL_ENABLE_DEBUG_INFO = NO;
				MTL_FAST_MATH = YES;
				SDKROOT = macosx;
				SWIFT_COMPILATION_MODE = wholemodule;
				SWIFT_OPTIMIZATION_LEVEL = "-O";
			};
			name = Release;
		};
		1A1764CB284D509E00ED49DC /* Debug */ = {
			isa = XCBuildConfiguration;
			buildSettings = {
				ASSETCATALOG_COMPILER_APPICON_NAME = AppIcon;
				ASSETCATALOG_COMPILER_GLOBAL_ACCENT_COLOR_NAME = AccentColor;
				CODE_SIGN_ENTITLEMENTS = MediaCatalog/MediaCatalog.entitlements;
				CODE_SIGN_STYLE = Automatic;
				COMBINE_HIDPI_IMAGES = YES;
				CURRENT_PROJECT_VERSION = 1;
				DEVELOPMENT_TEAM = V9WUS7ZBGW;
				ENABLE_HARDENED_RUNTIME = YES;
				GENERATE_INFOPLIST_FILE = YES;
				INFOPLIST_KEY_NSHumanReadableCopyright = "";
				INFOPLIST_KEY_NSMainNibFile = MainMenu;
				INFOPLIST_KEY_NSPrincipalClass = NSApplication;
				LD_RUNPATH_SEARCH_PATHS = (
					"$(inherited)",
					"@executable_path/../Frameworks",
				);
				MACOSX_DEPLOYMENT_TARGET = 12.0;
				MARKETING_VERSION = 1.0;
				PRODUCT_BUNDLE_IDENTIFIER = eus.aitorzubizarreta.MediaCatalog;
				PRODUCT_NAME = "$(TARGET_NAME)";
				SWIFT_EMIT_LOC_STRINGS = YES;
				SWIFT_VERSION = 5.0;
			};
			name = Debug;
		};
		1A1764CC284D509E00ED49DC /* Release */ = {
			isa = XCBuildConfiguration;
			buildSettings = {
				ASSETCATALOG_COMPILER_APPICON_NAME = AppIcon;
				ASSETCATALOG_COMPILER_GLOBAL_ACCENT_COLOR_NAME = AccentColor;
				CODE_SIGN_ENTITLEMENTS = MediaCatalog/MediaCatalog.entitlements;
				CODE_SIGN_STYLE = Automatic;
				COMBINE_HIDPI_IMAGES = YES;
				CURRENT_PROJECT_VERSION = 1;
				DEVELOPMENT_TEAM = V9WUS7ZBGW;
				ENABLE_HARDENED_RUNTIME = YES;
				GENERATE_INFOPLIST_FILE = YES;
				INFOPLIST_KEY_NSHumanReadableCopyright = "";
				INFOPLIST_KEY_NSMainNibFile = MainMenu;
				INFOPLIST_KEY_NSPrincipalClass = NSApplication;
				LD_RUNPATH_SEARCH_PATHS = (
					"$(inherited)",
					"@executable_path/../Frameworks",
				);
				MACOSX_DEPLOYMENT_TARGET = 12.0;
				MARKETING_VERSION = 1.0;
				PRODUCT_BUNDLE_IDENTIFIER = eus.aitorzubizarreta.MediaCatalog;
				PRODUCT_NAME = "$(TARGET_NAME)";
				SWIFT_EMIT_LOC_STRINGS = YES;
				SWIFT_VERSION = 5.0;
			};
			name = Release;
		};
/* End XCBuildConfiguration section */

/* Begin XCConfigurationList section */
		1A1764B8284D509D00ED49DC /* Build configuration list for PBXProject "MediaCatalog" */ = {
			isa = XCConfigurationList;
			buildConfigurations = (
				1A1764C8284D509E00ED49DC /* Debug */,
				1A1764C9284D509E00ED49DC /* Release */,
			);
			defaultConfigurationIsVisible = 0;
			defaultConfigurationName = Release;
		};
		1A1764CA284D509E00ED49DC /* Build configuration list for PBXNativeTarget "MediaCatalog" */ = {
			isa = XCConfigurationList;
			buildConfigurations = (
				1A1764CB284D509E00ED49DC /* Debug */,
				1A1764CC284D509E00ED49DC /* Release */,
			);
			defaultConfigurationIsVisible = 0;
			defaultConfigurationName = Release;
		};
/* End XCConfigurationList section */
	};
	rootObject = 1A1764B5284D509D00ED49DC /* Project object */;
}
